// !$*UTF8*$!
{
	archiveVersion = 1;
	classes = {
	};
	objectVersion = 50;
	objects = {

/* Begin PBXBuildFile section */
		4FA8EC781424C5A1ECDE6E78 /* Pods_MobileTestAppUITests.framework in Frameworks */ = {isa = PBXBuildFile; fileRef = 94673E92EC9747FFC8E42533 /* Pods_MobileTestAppUITests.framework */; };
		57C7C7E9B73F5E019DACB959 /* Pods_MobileTestAppTests.framework in Frameworks */ = {isa = PBXBuildFile; fileRef = 18F366D4A50DD43B475B4759 /* Pods_MobileTestAppTests.framework */; };
		8EB39C4F21E065A5002D2FB0 /* AppDelegate.swift in Sources */ = {isa = PBXBuildFile; fileRef = 8EB39C4E21E065A5002D2FB0 /* AppDelegate.swift */; };
		8EB39C5121E065A5002D2FB0 /* ViewController.swift in Sources */ = {isa = PBXBuildFile; fileRef = 8EB39C5021E065A5002D2FB0 /* ViewController.swift */; };
		8EB39C5421E065A5002D2FB0 /* Main.storyboard in Resources */ = {isa = PBXBuildFile; fileRef = 8EB39C5221E065A5002D2FB0 /* Main.storyboard */; };
		8EB39C5621E065A5002D2FB0 /* Assets.xcassets in Resources */ = {isa = PBXBuildFile; fileRef = 8EB39C5521E065A5002D2FB0 /* Assets.xcassets */; };
		8EB39C5921E065A5002D2FB0 /* LaunchScreen.storyboard in Resources */ = {isa = PBXBuildFile; fileRef = 8EB39C5721E065A5002D2FB0 /* LaunchScreen.storyboard */; };
		8EB39C6421E065A5002D2FB0 /* MobileTestAppTests.swift in Sources */ = {isa = PBXBuildFile; fileRef = 8EB39C6321E065A5002D2FB0 /* MobileTestAppTests.swift */; };
		8EB39C6F21E065A5002D2FB0 /* MobileTestAppUITests.swift in Sources */ = {isa = PBXBuildFile; fileRef = 8EB39C6E21E065A5002D2FB0 /* MobileTestAppUITests.swift */; };
		8EB39C8421E06CFC002D2FB0 /* Hit.swift in Sources */ = {isa = PBXBuildFile; fileRef = 8EB39C8321E06CFC002D2FB0 /* Hit.swift */; };
		8EB39C8721E0708A002D2FB0 /* ServiceApi.swift in Sources */ = {isa = PBXBuildFile; fileRef = 8EB39C8621E0708A002D2FB0 /* ServiceApi.swift */; };
		8EB39C8921E070E3002D2FB0 /* HitsResponse.swift in Sources */ = {isa = PBXBuildFile; fileRef = 8EB39C8821E070E3002D2FB0 /* HitsResponse.swift */; };
		8EB39C8C21E14046002D2FB0 /* ListPresenter.swift in Sources */ = {isa = PBXBuildFile; fileRef = 8EB39C8B21E14046002D2FB0 /* ListPresenter.swift */; };
		8EB39C8E21E14071002D2FB0 /* ContentRepository.swift in Sources */ = {isa = PBXBuildFile; fileRef = 8EB39C8D21E14071002D2FB0 /* ContentRepository.swift */; };
		8EB39C9621E14857002D2FB0 /* ServiceApiSpy.swift in Sources */ = {isa = PBXBuildFile; fileRef = 8EB39C9521E14857002D2FB0 /* ServiceApiSpy.swift */; };
		8EB39C9B21E14FB3002D2FB0 /* ContentRespositoryTest.swift in Sources */ = {isa = PBXBuildFile; fileRef = 8EB39C9A21E14FB3002D2FB0 /* ContentRespositoryTest.swift */; };
		8EB39C9D21E15941002D2FB0 /* StringConstant.swift in Sources */ = {isa = PBXBuildFile; fileRef = 8EB39C9C21E15941002D2FB0 /* StringConstant.swift */; };
		8EB39CA121E19683002D2FB0 /* Get_Hits_200.json in Resources */ = {isa = PBXBuildFile; fileRef = 8EB39CA021E19683002D2FB0 /* Get_Hits_200.json */; };
		8EB39CA421E19741002D2FB0 /* ListViewController.swift in Sources */ = {isa = PBXBuildFile; fileRef = 8EB39CA221E19741002D2FB0 /* ListViewController.swift */; };
		8EB39CA521E19741002D2FB0 /* ListViewController.xib in Resources */ = {isa = PBXBuildFile; fileRef = 8EB39CA321E19741002D2FB0 /* ListViewController.xib */; };
		8EB39CA821E19AED002D2FB0 /* ContentRepositorySpy.swift in Sources */ = {isa = PBXBuildFile; fileRef = 8EB39CA721E19AED002D2FB0 /* ContentRepositorySpy.swift */; };
		8EB39CAA21E19D2F002D2FB0 /* ListPresenterTest.swift in Sources */ = {isa = PBXBuildFile; fileRef = 8EB39CA921E19D2F002D2FB0 /* ListPresenterTest.swift */; };
		8EB39CAC21E19D90002D2FB0 /* ListViewSpy.swift in Sources */ = {isa = PBXBuildFile; fileRef = 8EB39CAB21E19D90002D2FB0 /* ListViewSpy.swift */; };
		8EB39CAE21E1A217002D2FB0 /* StorageUserDefault.swift in Sources */ = {isa = PBXBuildFile; fileRef = 8EB39CAD21E1A217002D2FB0 /* StorageUserDefault.swift */; };
		8EB39CB021E1A8B6002D2FB0 /* StorageSpy.swift in Sources */ = {isa = PBXBuildFile; fileRef = 8EB39CAF21E1A8B6002D2FB0 /* StorageSpy.swift */; };
		B016888B5F35AAE60A5C6603 /* Pods_MobileTestApp.framework in Frameworks */ = {isa = PBXBuildFile; fileRef = 5D49CFC7F3D682A6050AE13E /* Pods_MobileTestApp.framework */; };
/* End PBXBuildFile section */

/* Begin PBXContainerItemProxy section */
		8EB39C6021E065A5002D2FB0 /* PBXContainerItemProxy */ = {
			isa = PBXContainerItemProxy;
			containerPortal = 8EB39C4321E065A4002D2FB0 /* Project object */;
			proxyType = 1;
			remoteGlobalIDString = 8EB39C4A21E065A4002D2FB0;
			remoteInfo = MobileTestApp;
		};
		8EB39C6B21E065A5002D2FB0 /* PBXContainerItemProxy */ = {
			isa = PBXContainerItemProxy;
			containerPortal = 8EB39C4321E065A4002D2FB0 /* Project object */;
			proxyType = 1;
			remoteGlobalIDString = 8EB39C4A21E065A4002D2FB0;
			remoteInfo = MobileTestApp;
		};
/* End PBXContainerItemProxy section */

/* Begin PBXFileReference section */
		18F366D4A50DD43B475B4759 /* Pods_MobileTestAppTests.framework */ = {isa = PBXFileReference; explicitFileType = wrapper.framework; includeInIndex = 0; path = Pods_MobileTestAppTests.framework; sourceTree = BUILT_PRODUCTS_DIR; };
		1B42EF78DF9461D36969B17A /* Pods-MobileTestAppUITests.debug.xcconfig */ = {isa = PBXFileReference; includeInIndex = 1; lastKnownFileType = text.xcconfig; name = "Pods-MobileTestAppUITests.debug.xcconfig"; path = "Pods/Target Support Files/Pods-MobileTestAppUITests/Pods-MobileTestAppUITests.debug.xcconfig"; sourceTree = "<group>"; };
		21EB664E15D701D4BFB79324 /* Pods-MobileTestAppTests.release.xcconfig */ = {isa = PBXFileReference; includeInIndex = 1; lastKnownFileType = text.xcconfig; name = "Pods-MobileTestAppTests.release.xcconfig"; path = "Pods/Target Support Files/Pods-MobileTestAppTests/Pods-MobileTestAppTests.release.xcconfig"; sourceTree = "<group>"; };
		36353E2384C6B7422307FDD9 /* Pods-MobileTestApp.release.xcconfig */ = {isa = PBXFileReference; includeInIndex = 1; lastKnownFileType = text.xcconfig; name = "Pods-MobileTestApp.release.xcconfig"; path = "Pods/Target Support Files/Pods-MobileTestApp/Pods-MobileTestApp.release.xcconfig"; sourceTree = "<group>"; };
		391806203055FF91DBD44E81 /* Pods-MobileTestAppTests.debug.xcconfig */ = {isa = PBXFileReference; includeInIndex = 1; lastKnownFileType = text.xcconfig; name = "Pods-MobileTestAppTests.debug.xcconfig"; path = "Pods/Target Support Files/Pods-MobileTestAppTests/Pods-MobileTestAppTests.debug.xcconfig"; sourceTree = "<group>"; };
		5D49CFC7F3D682A6050AE13E /* Pods_MobileTestApp.framework */ = {isa = PBXFileReference; explicitFileType = wrapper.framework; includeInIndex = 0; path = Pods_MobileTestApp.framework; sourceTree = BUILT_PRODUCTS_DIR; };
		8855A45779BB9939796D8721 /* Pods-MobileTestAppUITests.release.xcconfig */ = {isa = PBXFileReference; includeInIndex = 1; lastKnownFileType = text.xcconfig; name = "Pods-MobileTestAppUITests.release.xcconfig"; path = "Pods/Target Support Files/Pods-MobileTestAppUITests/Pods-MobileTestAppUITests.release.xcconfig"; sourceTree = "<group>"; };
		8EB39C4B21E065A4002D2FB0 /* MobileTestApp.app */ = {isa = PBXFileReference; explicitFileType = wrapper.application; includeInIndex = 0; path = MobileTestApp.app; sourceTree = BUILT_PRODUCTS_DIR; };
		8EB39C4E21E065A5002D2FB0 /* AppDelegate.swift */ = {isa = PBXFileReference; lastKnownFileType = sourcecode.swift; path = AppDelegate.swift; sourceTree = "<group>"; };
		8EB39C5021E065A5002D2FB0 /* ViewController.swift */ = {isa = PBXFileReference; lastKnownFileType = sourcecode.swift; path = ViewController.swift; sourceTree = "<group>"; };
		8EB39C5321E065A5002D2FB0 /* Base */ = {isa = PBXFileReference; lastKnownFileType = file.storyboard; name = Base; path = Base.lproj/Main.storyboard; sourceTree = "<group>"; };
		8EB39C5521E065A5002D2FB0 /* Assets.xcassets */ = {isa = PBXFileReference; lastKnownFileType = folder.assetcatalog; path = Assets.xcassets; sourceTree = "<group>"; };
		8EB39C5821E065A5002D2FB0 /* Base */ = {isa = PBXFileReference; lastKnownFileType = file.storyboard; name = Base; path = Base.lproj/LaunchScreen.storyboard; sourceTree = "<group>"; };
		8EB39C5A21E065A5002D2FB0 /* Info.plist */ = {isa = PBXFileReference; lastKnownFileType = text.plist.xml; path = Info.plist; sourceTree = "<group>"; };
		8EB39C5F21E065A5002D2FB0 /* MobileTestAppTests.xctest */ = {isa = PBXFileReference; explicitFileType = wrapper.cfbundle; includeInIndex = 0; path = MobileTestAppTests.xctest; sourceTree = BUILT_PRODUCTS_DIR; };
		8EB39C6321E065A5002D2FB0 /* MobileTestAppTests.swift */ = {isa = PBXFileReference; lastKnownFileType = sourcecode.swift; path = MobileTestAppTests.swift; sourceTree = "<group>"; };
		8EB39C6521E065A5002D2FB0 /* Info.plist */ = {isa = PBXFileReference; lastKnownFileType = text.plist.xml; path = Info.plist; sourceTree = "<group>"; };
		8EB39C6A21E065A5002D2FB0 /* MobileTestAppUITests.xctest */ = {isa = PBXFileReference; explicitFileType = wrapper.cfbundle; includeInIndex = 0; path = MobileTestAppUITests.xctest; sourceTree = BUILT_PRODUCTS_DIR; };
		8EB39C6E21E065A5002D2FB0 /* MobileTestAppUITests.swift */ = {isa = PBXFileReference; lastKnownFileType = sourcecode.swift; path = MobileTestAppUITests.swift; sourceTree = "<group>"; };
		8EB39C7021E065A5002D2FB0 /* Info.plist */ = {isa = PBXFileReference; lastKnownFileType = text.plist.xml; path = Info.plist; sourceTree = "<group>"; };
		8EB39C8321E06CFC002D2FB0 /* Hit.swift */ = {isa = PBXFileReference; lastKnownFileType = sourcecode.swift; path = Hit.swift; sourceTree = "<group>"; };
		8EB39C8621E0708A002D2FB0 /* ServiceApi.swift */ = {isa = PBXFileReference; lastKnownFileType = sourcecode.swift; path = ServiceApi.swift; sourceTree = "<group>"; };
		8EB39C8821E070E3002D2FB0 /* HitsResponse.swift */ = {isa = PBXFileReference; lastKnownFileType = sourcecode.swift; path = HitsResponse.swift; sourceTree = "<group>"; };
		8EB39C8B21E14046002D2FB0 /* ListPresenter.swift */ = {isa = PBXFileReference; lastKnownFileType = sourcecode.swift; path = ListPresenter.swift; sourceTree = "<group>"; };
		8EB39C8D21E14071002D2FB0 /* ContentRepository.swift */ = {isa = PBXFileReference; lastKnownFileType = sourcecode.swift; path = ContentRepository.swift; sourceTree = "<group>"; };
		8EB39C9521E14857002D2FB0 /* ServiceApiSpy.swift */ = {isa = PBXFileReference; lastKnownFileType = sourcecode.swift; path = ServiceApiSpy.swift; sourceTree = "<group>"; };
		8EB39C9A21E14FB3002D2FB0 /* ContentRespositoryTest.swift */ = {isa = PBXFileReference; lastKnownFileType = sourcecode.swift; path = ContentRespositoryTest.swift; sourceTree = "<group>"; };
		8EB39C9C21E15941002D2FB0 /* StringConstant.swift */ = {isa = PBXFileReference; lastKnownFileType = sourcecode.swift; path = StringConstant.swift; sourceTree = "<group>"; };
		8EB39CA021E19683002D2FB0 /* Get_Hits_200.json */ = {isa = PBXFileReference; fileEncoding = 4; lastKnownFileType = text.json; path = Get_Hits_200.json; sourceTree = "<group>"; };
		8EB39CA221E19741002D2FB0 /* ListViewController.swift */ = {isa = PBXFileReference; lastKnownFileType = sourcecode.swift; path = ListViewController.swift; sourceTree = "<group>"; };
		8EB39CA321E19741002D2FB0 /* ListViewController.xib */ = {isa = PBXFileReference; lastKnownFileType = file.xib; path = ListViewController.xib; sourceTree = "<group>"; };
		8EB39CA721E19AED002D2FB0 /* ContentRepositorySpy.swift */ = {isa = PBXFileReference; lastKnownFileType = sourcecode.swift; path = ContentRepositorySpy.swift; sourceTree = "<group>"; };
		8EB39CA921E19D2F002D2FB0 /* ListPresenterTest.swift */ = {isa = PBXFileReference; lastKnownFileType = sourcecode.swift; path = ListPresenterTest.swift; sourceTree = "<group>"; };
		8EB39CAB21E19D90002D2FB0 /* ListViewSpy.swift */ = {isa = PBXFileReference; lastKnownFileType = sourcecode.swift; path = ListViewSpy.swift; sourceTree = "<group>"; };
		8EB39CAD21E1A217002D2FB0 /* StorageUserDefault.swift */ = {isa = PBXFileReference; lastKnownFileType = sourcecode.swift; path = StorageUserDefault.swift; sourceTree = "<group>"; };
		8EB39CAF21E1A8B6002D2FB0 /* StorageSpy.swift */ = {isa = PBXFileReference; lastKnownFileType = sourcecode.swift; path = StorageSpy.swift; sourceTree = "<group>"; };
		94673E92EC9747FFC8E42533 /* Pods_MobileTestAppUITests.framework */ = {isa = PBXFileReference; explicitFileType = wrapper.framework; includeInIndex = 0; path = Pods_MobileTestAppUITests.framework; sourceTree = BUILT_PRODUCTS_DIR; };
		D5106AC797D40DCD7FCA546C /* Pods-MobileTestApp.debug.xcconfig */ = {isa = PBXFileReference; includeInIndex = 1; lastKnownFileType = text.xcconfig; name = "Pods-MobileTestApp.debug.xcconfig"; path = "Pods/Target Support Files/Pods-MobileTestApp/Pods-MobileTestApp.debug.xcconfig"; sourceTree = "<group>"; };
/* End PBXFileReference section */

/* Begin PBXFrameworksBuildPhase section */
		8EB39C4821E065A4002D2FB0 /* Frameworks */ = {
			isa = PBXFrameworksBuildPhase;
			buildActionMask = 2147483647;
			files = (
				B016888B5F35AAE60A5C6603 /* Pods_MobileTestApp.framework in Frameworks */,
			);
			runOnlyForDeploymentPostprocessing = 0;
		};
		8EB39C5C21E065A5002D2FB0 /* Frameworks */ = {
			isa = PBXFrameworksBuildPhase;
			buildActionMask = 2147483647;
			files = (
				57C7C7E9B73F5E019DACB959 /* Pods_MobileTestAppTests.framework in Frameworks */,
			);
			runOnlyForDeploymentPostprocessing = 0;
		};
		8EB39C6721E065A5002D2FB0 /* Frameworks */ = {
			isa = PBXFrameworksBuildPhase;
			buildActionMask = 2147483647;
			files = (
				4FA8EC781424C5A1ECDE6E78 /* Pods_MobileTestAppUITests.framework in Frameworks */,
			);
			runOnlyForDeploymentPostprocessing = 0;
		};
/* End PBXFrameworksBuildPhase section */

/* Begin PBXGroup section */
		449FF0997B6EBFC85DAD6C59 /* Frameworks */ = {
			isa = PBXGroup;
			children = (
				5D49CFC7F3D682A6050AE13E /* Pods_MobileTestApp.framework */,
				18F366D4A50DD43B475B4759 /* Pods_MobileTestAppTests.framework */,
				94673E92EC9747FFC8E42533 /* Pods_MobileTestAppUITests.framework */,
			);
			name = Frameworks;
			sourceTree = "<group>";
		};
		6608FC2ACF866E387941B113 /* Pods */ = {
			isa = PBXGroup;
			children = (
				D5106AC797D40DCD7FCA546C /* Pods-MobileTestApp.debug.xcconfig */,
				36353E2384C6B7422307FDD9 /* Pods-MobileTestApp.release.xcconfig */,
				391806203055FF91DBD44E81 /* Pods-MobileTestAppTests.debug.xcconfig */,
				21EB664E15D701D4BFB79324 /* Pods-MobileTestAppTests.release.xcconfig */,
				1B42EF78DF9461D36969B17A /* Pods-MobileTestAppUITests.debug.xcconfig */,
				8855A45779BB9939796D8721 /* Pods-MobileTestAppUITests.release.xcconfig */,
			);
			name = Pods;
			sourceTree = "<group>";
		};
		8EB39C4221E065A4002D2FB0 = {
			isa = PBXGroup;
			children = (
				8EB39C4D21E065A5002D2FB0 /* MobileTestApp */,
				8EB39C6221E065A5002D2FB0 /* MobileTestAppTests */,
				8EB39C6D21E065A5002D2FB0 /* MobileTestAppUITests */,
				8EB39C4C21E065A4002D2FB0 /* Products */,
				6608FC2ACF866E387941B113 /* Pods */,
				449FF0997B6EBFC85DAD6C59 /* Frameworks */,
			);
			sourceTree = "<group>";
		};
		8EB39C4C21E065A4002D2FB0 /* Products */ = {
			isa = PBXGroup;
			children = (
				8EB39C4B21E065A4002D2FB0 /* MobileTestApp.app */,
				8EB39C5F21E065A5002D2FB0 /* MobileTestAppTests.xctest */,
				8EB39C6A21E065A5002D2FB0 /* MobileTestAppUITests.xctest */,
			);
			name = Products;
			sourceTree = "<group>";
		};
		8EB39C4D21E065A5002D2FB0 /* MobileTestApp */ = {
			isa = PBXGroup;
			children = (
				8EB39C8521E0706D002D2FB0 /* Configuration */,
				8EB39C7D21E06CA8002D2FB0 /* Modules */,
				8EB39C4E21E065A5002D2FB0 /* AppDelegate.swift */,
				8EB39C5021E065A5002D2FB0 /* ViewController.swift */,
				8EB39C5221E065A5002D2FB0 /* Main.storyboard */,
				8EB39C5521E065A5002D2FB0 /* Assets.xcassets */,
				8EB39C5721E065A5002D2FB0 /* LaunchScreen.storyboard */,
				8EB39C5A21E065A5002D2FB0 /* Info.plist */,
			);
			path = MobileTestApp;
			sourceTree = "<group>";
		};
		8EB39C6221E065A5002D2FB0 /* MobileTestAppTests */ = {
			isa = PBXGroup;
			children = (
				8EB39C9021E14809002D2FB0 /* Modules */,
				8EB39C6321E065A5002D2FB0 /* MobileTestAppTests.swift */,
				8EB39C6521E065A5002D2FB0 /* Info.plist */,
			);
			path = MobileTestAppTests;
			sourceTree = "<group>";
		};
		8EB39C6D21E065A5002D2FB0 /* MobileTestAppUITests */ = {
			isa = PBXGroup;
			children = (
				8EB39C6E21E065A5002D2FB0 /* MobileTestAppUITests.swift */,
				8EB39C7021E065A5002D2FB0 /* Info.plist */,
			);
			path = MobileTestAppUITests;
			sourceTree = "<group>";
		};
		8EB39C7D21E06CA8002D2FB0 /* Modules */ = {
			isa = PBXGroup;
			children = (
				8EB39C7E21E06CB1002D2FB0 /* Content */,
			);
			path = Modules;
			sourceTree = "<group>";
		};
		8EB39C7E21E06CB1002D2FB0 /* Content */ = {
			isa = PBXGroup;
			children = (
				8EB39C8A21E14019002D2FB0 /* Repository */,
				8EB39C8221E06CD6002D2FB0 /* Presenter */,
				8EB39C8121E06CD0002D2FB0 /* VIew */,
				8EB39C7F21E06CC3002D2FB0 /* Model */,
			);
			path = Content;
			sourceTree = "<group>";
		};
		8EB39C7F21E06CC3002D2FB0 /* Model */ = {
			isa = PBXGroup;
			children = (
				8EB39C8321E06CFC002D2FB0 /* Hit.swift */,
				8EB39C8821E070E3002D2FB0 /* HitsResponse.swift */,
			);
			path = Model;
			sourceTree = "<group>";
		};
		8EB39C8121E06CD0002D2FB0 /* VIew */ = {
			isa = PBXGroup;
			children = (
				8EB39CA221E19741002D2FB0 /* ListViewController.swift */,
				8EB39CA321E19741002D2FB0 /* ListViewController.xib */,
			);
			path = VIew;
			sourceTree = "<group>";
		};
		8EB39C8221E06CD6002D2FB0 /* Presenter */ = {
			isa = PBXGroup;
			children = (
				8EB39C8B21E14046002D2FB0 /* ListPresenter.swift */,
			);
			path = Presenter;
			sourceTree = "<group>";
		};
		8EB39C8521E0706D002D2FB0 /* Configuration */ = {
			isa = PBXGroup;
			children = (
				8EB39C8621E0708A002D2FB0 /* ServiceApi.swift */,
				8EB39C9C21E15941002D2FB0 /* StringConstant.swift */,
				8EB39CAD21E1A217002D2FB0 /* StorageUserDefault.swift */,
			);
			path = Configuration;
			sourceTree = "<group>";
		};
		8EB39C8A21E14019002D2FB0 /* Repository */ = {
			isa = PBXGroup;
			children = (
				8EB39C9F21E1964B002D2FB0 /* Data */,
				8EB39C8D21E14071002D2FB0 /* ContentRepository.swift */,
			);
			path = Repository;
			sourceTree = "<group>";
		};
		8EB39C9021E14809002D2FB0 /* Modules */ = {
			isa = PBXGroup;
			children = (
				8EB39C9121E14813002D2FB0 /* Content */,
			);
			path = Modules;
			sourceTree = "<group>";
		};
		8EB39C9121E14813002D2FB0 /* Content */ = {
			isa = PBXGroup;
			children = (
				8EB39C9321E14828002D2FB0 /* Repository */,
				8EB39C9221E1481D002D2FB0 /* Presenter */,
			);
			path = Content;
			sourceTree = "<group>";
		};
		8EB39C9221E1481D002D2FB0 /* Presenter */ = {
			isa = PBXGroup;
			children = (
				8EB39CA621E19ACE002D2FB0 /* Spies */,
				8EB39CA921E19D2F002D2FB0 /* ListPresenterTest.swift */,
			);
			path = Presenter;
			sourceTree = "<group>";
		};
		8EB39C9321E14828002D2FB0 /* Repository */ = {
			isa = PBXGroup;
			children = (
				8EB39C9721E14DD6002D2FB0 /* Data */,
				8EB39C9421E14838002D2FB0 /* Spies */,
				8EB39C9A21E14FB3002D2FB0 /* ContentRespositoryTest.swift */,
			);
			path = Repository;
			sourceTree = "<group>";
		};
		8EB39C9421E14838002D2FB0 /* Spies */ = {
			isa = PBXGroup;
			children = (
				8EB39C9521E14857002D2FB0 /* ServiceApiSpy.swift */,
				8EB39CAF21E1A8B6002D2FB0 /* StorageSpy.swift */,
			);
			path = Spies;
			sourceTree = "<group>";
		};
		8EB39C9721E14DD6002D2FB0 /* Data */ = {
			isa = PBXGroup;
			children = (
			);
			path = Data;
			sourceTree = "<group>";
		};
		8EB39C9F21E1964B002D2FB0 /* Data */ = {
			isa = PBXGroup;
			children = (
				8EB39CA021E19683002D2FB0 /* Get_Hits_200.json */,
			);
			path = Data;
			sourceTree = "<group>";
		};
		8EB39CA621E19ACE002D2FB0 /* Spies */ = {
			isa = PBXGroup;
			children = (
				8EB39CA721E19AED002D2FB0 /* ContentRepositorySpy.swift */,
				8EB39CAB21E19D90002D2FB0 /* ListViewSpy.swift */,
			);
			path = Spies;
			sourceTree = "<group>";
		};
/* End PBXGroup section */

/* Begin PBXNativeTarget section */
		8EB39C4A21E065A4002D2FB0 /* MobileTestApp */ = {
			isa = PBXNativeTarget;
			buildConfigurationList = 8EB39C7321E065A5002D2FB0 /* Build configuration list for PBXNativeTarget "MobileTestApp" */;
			buildPhases = (
				8EC8811FBC210E62712F0B40 /* [CP] Check Pods Manifest.lock */,
				8EB39C4721E065A4002D2FB0 /* Sources */,
				8EB39C4821E065A4002D2FB0 /* Frameworks */,
				8EB39C4921E065A4002D2FB0 /* Resources */,
				05E3DDE9947A4D367ED27D5B /* [CP] Embed Pods Frameworks */,
			);
			buildRules = (
			);
			dependencies = (
			);
			name = MobileTestApp;
			productName = MobileTestApp;
			productReference = 8EB39C4B21E065A4002D2FB0 /* MobileTestApp.app */;
			productType = "com.apple.product-type.application";
		};
		8EB39C5E21E065A5002D2FB0 /* MobileTestAppTests */ = {
			isa = PBXNativeTarget;
			buildConfigurationList = 8EB39C7621E065A5002D2FB0 /* Build configuration list for PBXNativeTarget "MobileTestAppTests" */;
			buildPhases = (
				3EDF1ECF5C3C31C9927D7EEC /* [CP] Check Pods Manifest.lock */,
				8EB39C5B21E065A5002D2FB0 /* Sources */,
				8EB39C5C21E065A5002D2FB0 /* Frameworks */,
				8EB39C5D21E065A5002D2FB0 /* Resources */,
			);
			buildRules = (
			);
			dependencies = (
				8EB39C6121E065A5002D2FB0 /* PBXTargetDependency */,
			);
			name = MobileTestAppTests;
			productName = MobileTestAppTests;
			productReference = 8EB39C5F21E065A5002D2FB0 /* MobileTestAppTests.xctest */;
			productType = "com.apple.product-type.bundle.unit-test";
		};
		8EB39C6921E065A5002D2FB0 /* MobileTestAppUITests */ = {
			isa = PBXNativeTarget;
			buildConfigurationList = 8EB39C7921E065A5002D2FB0 /* Build configuration list for PBXNativeTarget "MobileTestAppUITests" */;
			buildPhases = (
				15E933AEA7E480D86F5D66B0 /* [CP] Check Pods Manifest.lock */,
				8EB39C6621E065A5002D2FB0 /* Sources */,
				8EB39C6721E065A5002D2FB0 /* Frameworks */,
				8EB39C6821E065A5002D2FB0 /* Resources */,
			);
			buildRules = (
			);
			dependencies = (
				8EB39C6C21E065A5002D2FB0 /* PBXTargetDependency */,
			);
			name = MobileTestAppUITests;
			productName = MobileTestAppUITests;
			productReference = 8EB39C6A21E065A5002D2FB0 /* MobileTestAppUITests.xctest */;
			productType = "com.apple.product-type.bundle.ui-testing";
		};
/* End PBXNativeTarget section */

/* Begin PBXProject section */
		8EB39C4321E065A4002D2FB0 /* Project object */ = {
			isa = PBXProject;
			attributes = {
				LastSwiftUpdateCheck = 1010;
				LastUpgradeCheck = 1010;
				ORGANIZATIONNAME = Demo1;
				TargetAttributes = {
					8EB39C4A21E065A4002D2FB0 = {
						CreatedOnToolsVersion = 10.1;
					};
					8EB39C5E21E065A5002D2FB0 = {
						CreatedOnToolsVersion = 10.1;
						TestTargetID = 8EB39C4A21E065A4002D2FB0;
					};
					8EB39C6921E065A5002D2FB0 = {
						CreatedOnToolsVersion = 10.1;
						TestTargetID = 8EB39C4A21E065A4002D2FB0;
					};
				};
			};
			buildConfigurationList = 8EB39C4621E065A4002D2FB0 /* Build configuration list for PBXProject "MobileTestApp" */;
			compatibilityVersion = "Xcode 9.3";
			developmentRegion = en;
			hasScannedForEncodings = 0;
			knownRegions = (
				en,
				Base,
			);
			mainGroup = 8EB39C4221E065A4002D2FB0;
			productRefGroup = 8EB39C4C21E065A4002D2FB0 /* Products */;
			projectDirPath = "";
			projectRoot = "";
			targets = (
				8EB39C4A21E065A4002D2FB0 /* MobileTestApp */,
				8EB39C5E21E065A5002D2FB0 /* MobileTestAppTests */,
				8EB39C6921E065A5002D2FB0 /* MobileTestAppUITests */,
			);
		};
/* End PBXProject section */

/* Begin PBXResourcesBuildPhase section */
		8EB39C4921E065A4002D2FB0 /* Resources */ = {
			isa = PBXResourcesBuildPhase;
			buildActionMask = 2147483647;
			files = (
				8EB39C5921E065A5002D2FB0 /* LaunchScreen.storyboard in Resources */,
				8EB39CA121E19683002D2FB0 /* Get_Hits_200.json in Resources */,
				8EB39CA521E19741002D2FB0 /* ListViewController.xib in Resources */,
				8EB39C5621E065A5002D2FB0 /* Assets.xcassets in Resources */,
				8EB39C5421E065A5002D2FB0 /* Main.storyboard in Resources */,
			);
			runOnlyForDeploymentPostprocessing = 0;
		};
		8EB39C5D21E065A5002D2FB0 /* Resources */ = {
			isa = PBXResourcesBuildPhase;
			buildActionMask = 2147483647;
			files = (
			);
			runOnlyForDeploymentPostprocessing = 0;
		};
		8EB39C6821E065A5002D2FB0 /* Resources */ = {
			isa = PBXResourcesBuildPhase;
			buildActionMask = 2147483647;
			files = (
			);
			runOnlyForDeploymentPostprocessing = 0;
		};
/* End PBXResourcesBuildPhase section */

/* Begin PBXShellScriptBuildPhase section */
		05E3DDE9947A4D367ED27D5B /* [CP] Embed Pods Frameworks */ = {
			isa = PBXShellScriptBuildPhase;
			buildActionMask = 2147483647;
			files = (
			);
			inputFileListPaths = (
			);
			inputPaths = (
				"${SRCROOT}/Pods/Target Support Files/Pods-MobileTestApp/Pods-MobileTestApp-frameworks.sh",
				"${BUILT_PRODUCTS_DIR}/Alamofire/Alamofire.framework",
				"${BUILT_PRODUCTS_DIR}/AlamofireObjectMapper/AlamofireObjectMapper.framework",
				"${BUILT_PRODUCTS_DIR}/ObjectMapper/ObjectMapper.framework",
			);
			name = "[CP] Embed Pods Frameworks";
			outputFileListPaths = (
			);
			outputPaths = (
				"${TARGET_BUILD_DIR}/${FRAMEWORKS_FOLDER_PATH}/Alamofire.framework",
				"${TARGET_BUILD_DIR}/${FRAMEWORKS_FOLDER_PATH}/AlamofireObjectMapper.framework",
				"${TARGET_BUILD_DIR}/${FRAMEWORKS_FOLDER_PATH}/ObjectMapper.framework",
			);
			runOnlyForDeploymentPostprocessing = 0;
			shellPath = /bin/sh;
			shellScript = "\"${SRCROOT}/Pods/Target Support Files/Pods-MobileTestApp/Pods-MobileTestApp-frameworks.sh\"\n";
			showEnvVarsInLog = 0;
		};
		15E933AEA7E480D86F5D66B0 /* [CP] Check Pods Manifest.lock */ = {
			isa = PBXShellScriptBuildPhase;
			buildActionMask = 2147483647;
			files = (
			);
			inputFileListPaths = (
			);
			inputPaths = (
				"${PODS_PODFILE_DIR_PATH}/Podfile.lock",
				"${PODS_ROOT}/Manifest.lock",
			);
			name = "[CP] Check Pods Manifest.lock";
			outputFileListPaths = (
			);
			outputPaths = (
				"$(DERIVED_FILE_DIR)/Pods-MobileTestAppUITests-checkManifestLockResult.txt",
			);
			runOnlyForDeploymentPostprocessing = 0;
			shellPath = /bin/sh;
			shellScript = "diff \"${PODS_PODFILE_DIR_PATH}/Podfile.lock\" \"${PODS_ROOT}/Manifest.lock\" > /dev/null\nif [ $? != 0 ] ; then\n    # print error to STDERR\n    echo \"error: The sandbox is not in sync with the Podfile.lock. Run 'pod install' or update your CocoaPods installation.\" >&2\n    exit 1\nfi\n# This output is used by Xcode 'outputs' to avoid re-running this script phase.\necho \"SUCCESS\" > \"${SCRIPT_OUTPUT_FILE_0}\"\n";
			showEnvVarsInLog = 0;
		};
		3EDF1ECF5C3C31C9927D7EEC /* [CP] Check Pods Manifest.lock */ = {
			isa = PBXShellScriptBuildPhase;
			buildActionMask = 2147483647;
			files = (
			);
			inputFileListPaths = (
			);
			inputPaths = (
				"${PODS_PODFILE_DIR_PATH}/Podfile.lock",
				"${PODS_ROOT}/Manifest.lock",
			);
			name = "[CP] Check Pods Manifest.lock";
			outputFileListPaths = (
			);
			outputPaths = (
				"$(DERIVED_FILE_DIR)/Pods-MobileTestAppTests-checkManifestLockResult.txt",
			);
			runOnlyForDeploymentPostprocessing = 0;
			shellPath = /bin/sh;
			shellScript = "diff \"${PODS_PODFILE_DIR_PATH}/Podfile.lock\" \"${PODS_ROOT}/Manifest.lock\" > /dev/null\nif [ $? != 0 ] ; then\n    # print error to STDERR\n    echo \"error: The sandbox is not in sync with the Podfile.lock. Run 'pod install' or update your CocoaPods installation.\" >&2\n    exit 1\nfi\n# This output is used by Xcode 'outputs' to avoid re-running this script phase.\necho \"SUCCESS\" > \"${SCRIPT_OUTPUT_FILE_0}\"\n";
			showEnvVarsInLog = 0;
		};
		8EC8811FBC210E62712F0B40 /* [CP] Check Pods Manifest.lock */ = {
			isa = PBXShellScriptBuildPhase;
			buildActionMask = 2147483647;
			files = (
			);
			inputFileListPaths = (
			);
			inputPaths = (
				"${PODS_PODFILE_DIR_PATH}/Podfile.lock",
				"${PODS_ROOT}/Manifest.lock",
			);
			name = "[CP] Check Pods Manifest.lock";
			outputFileListPaths = (
			);
			outputPaths = (
				"$(DERIVED_FILE_DIR)/Pods-MobileTestApp-checkManifestLockResult.txt",
			);
			runOnlyForDeploymentPostprocessing = 0;
			shellPath = /bin/sh;
			shellScript = "diff \"${PODS_PODFILE_DIR_PATH}/Podfile.lock\" \"${PODS_ROOT}/Manifest.lock\" > /dev/null\nif [ $? != 0 ] ; then\n    # print error to STDERR\n    echo \"error: The sandbox is not in sync with the Podfile.lock. Run 'pod install' or update your CocoaPods installation.\" >&2\n    exit 1\nfi\n# This output is used by Xcode 'outputs' to avoid re-running this script phase.\necho \"SUCCESS\" > \"${SCRIPT_OUTPUT_FILE_0}\"\n";
			showEnvVarsInLog = 0;
		};
/* End PBXShellScriptBuildPhase section */

/* Begin PBXSourcesBuildPhase section */
		8EB39C4721E065A4002D2FB0 /* Sources */ = {
			isa = PBXSourcesBuildPhase;
			buildActionMask = 2147483647;
			files = (
				8EB39C9D21E15941002D2FB0 /* StringConstant.swift in Sources */,
				8EB39C5121E065A5002D2FB0 /* ViewController.swift in Sources */,
				8EB39C4F21E065A5002D2FB0 /* AppDelegate.swift in Sources */,
				8EB39C8921E070E3002D2FB0 /* HitsResponse.swift in Sources */,
				8EB39CAE21E1A217002D2FB0 /* StorageUserDefault.swift in Sources */,
				8EB39C8721E0708A002D2FB0 /* ServiceApi.swift in Sources */,
				8EB39CA421E19741002D2FB0 /* ListViewController.swift in Sources */,
				8EB39C8C21E14046002D2FB0 /* ListPresenter.swift in Sources */,
				8EB39C8421E06CFC002D2FB0 /* Hit.swift in Sources */,
				8EB39C8E21E14071002D2FB0 /* ContentRepository.swift in Sources */,
			);
			runOnlyForDeploymentPostprocessing = 0;
		};
		8EB39C5B21E065A5002D2FB0 /* Sources */ = {
			isa = PBXSourcesBuildPhase;
			buildActionMask = 2147483647;
			files = (
				8EB39CA821E19AED002D2FB0 /* ContentRepositorySpy.swift in Sources */,
				8EB39CAA21E19D2F002D2FB0 /* ListPresenterTest.swift in Sources */,
				8EB39C6421E065A5002D2FB0 /* MobileTestAppTests.swift in Sources */,
				8EB39CAC21E19D90002D2FB0 /* ListViewSpy.swift in Sources */,
				8EB39C9621E14857002D2FB0 /* ServiceApiSpy.swift in Sources */,
				8EB39C9B21E14FB3002D2FB0 /* ContentRespositoryTest.swift in Sources */,
				8EB39CB021E1A8B6002D2FB0 /* StorageSpy.swift in Sources */,
			);
			runOnlyForDeploymentPostprocessing = 0;
		};
		8EB39C6621E065A5002D2FB0 /* Sources */ = {
			isa = PBXSourcesBuildPhase;
			buildActionMask = 2147483647;
			files = (
				8EB39C6F21E065A5002D2FB0 /* MobileTestAppUITests.swift in Sources */,
			);
			runOnlyForDeploymentPostprocessing = 0;
		};
/* End PBXSourcesBuildPhase section */

/* Begin PBXTargetDependency section */
		8EB39C6121E065A5002D2FB0 /* PBXTargetDependency */ = {
			isa = PBXTargetDependency;
			target = 8EB39C4A21E065A4002D2FB0 /* MobileTestApp */;
			targetProxy = 8EB39C6021E065A5002D2FB0 /* PBXContainerItemProxy */;
		};
		8EB39C6C21E065A5002D2FB0 /* PBXTargetDependency */ = {
			isa = PBXTargetDependency;
			target = 8EB39C4A21E065A4002D2FB0 /* MobileTestApp */;
			targetProxy = 8EB39C6B21E065A5002D2FB0 /* PBXContainerItemProxy */;
		};
/* End PBXTargetDependency section */

/* Begin PBXVariantGroup section */
		8EB39C5221E065A5002D2FB0 /* Main.storyboard */ = {
			isa = PBXVariantGroup;
			children = (
				8EB39C5321E065A5002D2FB0 /* Base */,
			);
			name = Main.storyboard;
			sourceTree = "<group>";
		};
		8EB39C5721E065A5002D2FB0 /* LaunchScreen.storyboard */ = {
			isa = PBXVariantGroup;
			children = (
				8EB39C5821E065A5002D2FB0 /* Base */,
			);
			name = LaunchScreen.storyboard;
			sourceTree = "<group>";
		};
/* End PBXVariantGroup section */

/* Begin XCBuildConfiguration section */
		8EB39C7121E065A5002D2FB0 /* Debug */ = {
			isa = XCBuildConfiguration;
			buildSettings = {
				ALWAYS_SEARCH_USER_PATHS = NO;
				CLANG_ANALYZER_NONNULL = YES;
				CLANG_ANALYZER_NUMBER_OBJECT_CONVERSION = YES_AGGRESSIVE;
				CLANG_CXX_LANGUAGE_STANDARD = "gnu++14";
				CLANG_CXX_LIBRARY = "libc++";
				CLANG_ENABLE_MODULES = YES;
				CLANG_ENABLE_OBJC_ARC = YES;
				CLANG_ENABLE_OBJC_WEAK = YES;
				CLANG_WARN_BLOCK_CAPTURE_AUTORELEASING = YES;
				CLANG_WARN_BOOL_CONVERSION = YES;
				CLANG_WARN_COMMA = YES;
				CLANG_WARN_CONSTANT_CONVERSION = YES;
				CLANG_WARN_DEPRECATED_OBJC_IMPLEMENTATIONS = YES;
				CLANG_WARN_DIRECT_OBJC_ISA_USAGE = YES_ERROR;
				CLANG_WARN_DOCUMENTATION_COMMENTS = YES;
				CLANG_WARN_EMPTY_BODY = YES;
				CLANG_WARN_ENUM_CONVERSION = YES;
				CLANG_WARN_INFINITE_RECURSION = YES;
				CLANG_WARN_INT_CONVERSION = YES;
				CLANG_WARN_NON_LITERAL_NULL_CONVERSION = YES;
				CLANG_WARN_OBJC_IMPLICIT_RETAIN_SELF = YES;
				CLANG_WARN_OBJC_LITERAL_CONVERSION = YES;
				CLANG_WARN_OBJC_ROOT_CLASS = YES_ERROR;
				CLANG_WARN_RANGE_LOOP_ANALYSIS = YES;
				CLANG_WARN_STRICT_PROTOTYPES = YES;
				CLANG_WARN_SUSPICIOUS_MOVE = YES;
				CLANG_WARN_UNGUARDED_AVAILABILITY = YES_AGGRESSIVE;
				CLANG_WARN_UNREACHABLE_CODE = YES;
				CLANG_WARN__DUPLICATE_METHOD_MATCH = YES;
				CODE_SIGN_IDENTITY = "iPhone Developer";
				COPY_PHASE_STRIP = NO;
				DEBUG_INFORMATION_FORMAT = dwarf;
				ENABLE_STRICT_OBJC_MSGSEND = YES;
				ENABLE_TESTABILITY = YES;
				GCC_C_LANGUAGE_STANDARD = gnu11;
				GCC_DYNAMIC_NO_PIC = NO;
				GCC_NO_COMMON_BLOCKS = YES;
				GCC_OPTIMIZATION_LEVEL = 0;
				GCC_PREPROCESSOR_DEFINITIONS = (
					"DEBUG=1",
					"$(inherited)",
				);
				GCC_WARN_64_TO_32_BIT_CONVERSION = YES;
				GCC_WARN_ABOUT_RETURN_TYPE = YES_ERROR;
				GCC_WARN_UNDECLARED_SELECTOR = YES;
				GCC_WARN_UNINITIALIZED_AUTOS = YES_AGGRESSIVE;
				GCC_WARN_UNUSED_FUNCTION = YES;
				GCC_WARN_UNUSED_VARIABLE = YES;
				IPHONEOS_DEPLOYMENT_TARGET = 12.1;
				MTL_ENABLE_DEBUG_INFO = INCLUDE_SOURCE;
				MTL_FAST_MATH = YES;
				ONLY_ACTIVE_ARCH = YES;
				SDKROOT = iphoneos;
				SWIFT_ACTIVE_COMPILATION_CONDITIONS = DEBUG;
				SWIFT_OPTIMIZATION_LEVEL = "-Onone";
			};
			name = Debug;
		};
		8EB39C7221E065A5002D2FB0 /* Release */ = {
			isa = XCBuildConfiguration;
			buildSettings = {
				ALWAYS_SEARCH_USER_PATHS = NO;
				CLANG_ANALYZER_NONNULL = YES;
				CLANG_ANALYZER_NUMBER_OBJECT_CONVERSION = YES_AGGRESSIVE;
				CLANG_CXX_LANGUAGE_STANDARD = "gnu++14";
				CLANG_CXX_LIBRARY = "libc++";
				CLANG_ENABLE_MODULES = YES;
				CLANG_ENABLE_OBJC_ARC = YES;
				CLANG_ENABLE_OBJC_WEAK = YES;
				CLANG_WARN_BLOCK_CAPTURE_AUTORELEASING = YES;
				CLANG_WARN_BOOL_CONVERSION = YES;
				CLANG_WARN_COMMA = YES;
				CLANG_WARN_CONSTANT_CONVERSION = YES;
				CLANG_WARN_DEPRECATED_OBJC_IMPLEMENTATIONS = YES;
				CLANG_WARN_DIRECT_OBJC_ISA_USAGE = YES_ERROR;
				CLANG_WARN_DOCUMENTATION_COMMENTS = YES;
				CLANG_WARN_EMPTY_BODY = YES;
				CLANG_WARN_ENUM_CONVERSION = YES;
				CLANG_WARN_INFINITE_RECURSION = YES;
				CLANG_WARN_INT_CONVERSION = YES;
				CLANG_WARN_NON_LITERAL_NULL_CONVERSION = YES;
				CLANG_WARN_OBJC_IMPLICIT_RETAIN_SELF = YES;
				CLANG_WARN_OBJC_LITERAL_CONVERSION = YES;
				CLANG_WARN_OBJC_ROOT_CLASS = YES_ERROR;
				CLANG_WARN_RANGE_LOOP_ANALYSIS = YES;
				CLANG_WARN_STRICT_PROTOTYPES = YES;
				CLANG_WARN_SUSPICIOUS_MOVE = YES;
				CLANG_WARN_UNGUARDED_AVAILABILITY = YES_AGGRESSIVE;
				CLANG_WARN_UNREACHABLE_CODE = YES;
				CLANG_WARN__DUPLICATE_METHOD_MATCH = YES;
				CODE_SIGN_IDENTITY = "iPhone Developer";
				COPY_PHASE_STRIP = NO;
				DEBUG_INFORMATION_FORMAT = "dwarf-with-dsym";
				ENABLE_NS_ASSERTIONS = NO;
				ENABLE_STRICT_OBJC_MSGSEND = YES;
				GCC_C_LANGUAGE_STANDARD = gnu11;
				GCC_NO_COMMON_BLOCKS = YES;
				GCC_WARN_64_TO_32_BIT_CONVERSION = YES;
				GCC_WARN_ABOUT_RETURN_TYPE = YES_ERROR;
				GCC_WARN_UNDECLARED_SELECTOR = YES;
				GCC_WARN_UNINITIALIZED_AUTOS = YES_AGGRESSIVE;
				GCC_WARN_UNUSED_FUNCTION = YES;
				GCC_WARN_UNUSED_VARIABLE = YES;
				IPHONEOS_DEPLOYMENT_TARGET = 12.1;
				MTL_ENABLE_DEBUG_INFO = NO;
				MTL_FAST_MATH = YES;
				SDKROOT = iphoneos;
				SWIFT_COMPILATION_MODE = wholemodule;
				SWIFT_OPTIMIZATION_LEVEL = "-O";
				VALIDATE_PRODUCT = YES;
			};
			name = Release;
		};
		8EB39C7421E065A5002D2FB0 /* Debug */ = {
			isa = XCBuildConfiguration;
			baseConfigurationReference = D5106AC797D40DCD7FCA546C /* Pods-MobileTestApp.debug.xcconfig */;
			buildSettings = {
				ASSETCATALOG_COMPILER_APPICON_NAME = AppIcon;
				CODE_SIGN_STYLE = Automatic;
				INFOPLIST_FILE = MobileTestApp/Info.plist;
				LD_RUNPATH_SEARCH_PATHS = (
					"$(inherited)",
					"@executable_path/Frameworks",
				);
				PRODUCT_BUNDLE_IDENTIFIER = com.jfcadillo951..MobileTestApp;
				PRODUCT_NAME = "$(TARGET_NAME)";
				SWIFT_VERSION = 4.2;
				TARGETED_DEVICE_FAMILY = "1,2";
			};
			name = Debug;
		};
		8EB39C7521E065A5002D2FB0 /* Release */ = {
			isa = XCBuildConfiguration;
			baseConfigurationReference = 36353E2384C6B7422307FDD9 /* Pods-MobileTestApp.release.xcconfig */;
			buildSettings = {
				ASSETCATALOG_COMPILER_APPICON_NAME = AppIcon;
				CODE_SIGN_STYLE = Automatic;
				INFOPLIST_FILE = MobileTestApp/Info.plist;
				LD_RUNPATH_SEARCH_PATHS = (
					"$(inherited)",
					"@executable_path/Frameworks",
				);
				PRODUCT_BUNDLE_IDENTIFIER = com.jfcadillo951..MobileTestApp;
				PRODUCT_NAME = "$(TARGET_NAME)";
				SWIFT_VERSION = 4.2;
				TARGETED_DEVICE_FAMILY = "1,2";
			};
			name = Release;
		};
		8EB39C7721E065A5002D2FB0 /* Debug */ = {
			isa = XCBuildConfiguration;
			baseConfigurationReference = 391806203055FF91DBD44E81 /* Pods-MobileTestAppTests.debug.xcconfig */;
			buildSettings = {
				ALWAYS_EMBED_SWIFT_STANDARD_LIBRARIES = YES;
				BUNDLE_LOADER = "$(TEST_HOST)";
				CODE_SIGN_STYLE = Automatic;
				INFOPLIST_FILE = MobileTestAppTests/Info.plist;
				LD_RUNPATH_SEARCH_PATHS = (
					"$(inherited)",
					"@executable_path/Frameworks",
					"@loader_path/Frameworks",
				);
				PRODUCT_BUNDLE_IDENTIFIER = com.jfcadillo951..MobileTestAppTests;
				PRODUCT_NAME = "$(TARGET_NAME)";
				SWIFT_VERSION = 4.2;
				TARGETED_DEVICE_FAMILY = "1,2";
				TEST_HOST = "$(BUILT_PRODUCTS_DIR)/MobileTestApp.app/MobileTestApp";
			};
			name = Debug;
		};
		8EB39C7821E065A5002D2FB0 /* Release */ = {
			isa = XCBuildConfiguration;
			baseConfigurationReference = 21EB664E15D701D4BFB79324 /* Pods-MobileTestAppTests.release.xcconfig */;
			buildSettings = {
				ALWAYS_EMBED_SWIFT_STANDARD_LIBRARIES = YES;
				BUNDLE_LOADER = "$(TEST_HOST)";
				CODE_SIGN_STYLE = Automatic;
				INFOPLIST_FILE = MobileTestAppTests/Info.plist;
				LD_RUNPATH_SEARCH_PATHS = (
					"$(inherited)",
					"@executable_path/Frameworks",
					"@loader_path/Frameworks",
				);
				PRODUCT_BUNDLE_IDENTIFIER = com.jfcadillo951..MobileTestAppTests;
				PRODUCT_NAME = "$(TARGET_NAME)";
				SWIFT_VERSION = 4.2;
				TARGETED_DEVICE_FAMILY = "1,2";
				TEST_HOST = "$(BUILT_PRODUCTS_DIR)/MobileTestApp.app/MobileTestApp";
			};
			name = Release;
		};
		8EB39C7A21E065A5002D2FB0 /* Debug */ = {
			isa = XCBuildConfiguration;
			baseConfigurationReference = 1B42EF78DF9461D36969B17A /* Pods-MobileTestAppUITests.debug.xcconfig */;
			buildSettings = {
				ALWAYS_EMBED_SWIFT_STANDARD_LIBRARIES = YES;
				CODE_SIGN_STYLE = Automatic;
				INFOPLIST_FILE = MobileTestAppUITests/Info.plist;
				LD_RUNPATH_SEARCH_PATHS = (
					"$(inherited)",
					"@executable_path/Frameworks",
					"@loader_path/Frameworks",
				);
				PRODUCT_BUNDLE_IDENTIFIER = com.jfcadillo951..MobileTestAppUITests;
				PRODUCT_NAME = "$(TARGET_NAME)";
				SWIFT_VERSION = 4.2;
				TARGETED_DEVICE_FAMILY = "1,2";
				TEST_TARGET_NAME = MobileTestApp;
			};
			name = Debug;
		};
		8EB39C7B21E065A5002D2FB0 /* Release */ = {
			isa = XCBuildConfiguration;
			baseConfigurationReference = 8855A45779BB9939796D8721 /* Pods-MobileTestAppUITests.release.xcconfig */;
			buildSettings = {
				ALWAYS_EMBED_SWIFT_STANDARD_LIBRARIES = YES;
				CODE_SIGN_STYLE = Automatic;
				INFOPLIST_FILE = MobileTestAppUITests/Info.plist;
				LD_RUNPATH_SEARCH_PATHS = (
					"$(inherited)",
					"@executable_path/Frameworks",
					"@loader_path/Frameworks",
				);
				PRODUCT_BUNDLE_IDENTIFIER = com.jfcadillo951..MobileTestAppUITests;
				PRODUCT_NAME = "$(TARGET_NAME)";
				SWIFT_VERSION = 4.2;
				TARGETED_DEVICE_FAMILY = "1,2";
				TEST_TARGET_NAME = MobileTestApp;
			};
			name = Release;
		};
/* End XCBuildConfiguration section */

/* Begin XCConfigurationList section */
		8EB39C4621E065A4002D2FB0 /* Build configuration list for PBXProject "MobileTestApp" */ = {
			isa = XCConfigurationList;
			buildConfigurations = (
				8EB39C7121E065A5002D2FB0 /* Debug */,
				8EB39C7221E065A5002D2FB0 /* Release */,
			);
			defaultConfigurationIsVisible = 0;
			defaultConfigurationName = Release;
		};
		8EB39C7321E065A5002D2FB0 /* Build configuration list for PBXNativeTarget "MobileTestApp" */ = {
			isa = XCConfigurationList;
			buildConfigurations = (
				8EB39C7421E065A5002D2FB0 /* Debug */,
				8EB39C7521E065A5002D2FB0 /* Release */,
			);
			defaultConfigurationIsVisible = 0;
			defaultConfigurationName = Release;
		};
		8EB39C7621E065A5002D2FB0 /* Build configuration list for PBXNativeTarget "MobileTestAppTests" */ = {
			isa = XCConfigurationList;
			buildConfigurations = (
				8EB39C7721E065A5002D2FB0 /* Debug */,
				8EB39C7821E065A5002D2FB0 /* Release */,
			);
			defaultConfigurationIsVisible = 0;
			defaultConfigurationName = Release;
		};
		8EB39C7921E065A5002D2FB0 /* Build configuration list for PBXNativeTarget "MobileTestAppUITests" */ = {
			isa = XCConfigurationList;
			buildConfigurations = (
				8EB39C7A21E065A5002D2FB0 /* Debug */,
				8EB39C7B21E065A5002D2FB0 /* Release */,
			);
			defaultConfigurationIsVisible = 0;
			defaultConfigurationName = Release;
		};
/* End XCConfigurationList section */
	};
	rootObject = 8EB39C4321E065A4002D2FB0 /* Project object */;
}
